
Microsoft Visual Studio Solution File, Format Version 12.00
# Visual Studio Version 17
VisualStudioVersion = 17.4.33213.308
MinimumVisualStudioVersion = 10.0.40219.1
Project("{9A19103F-16F7-4668-BE54-9A1E7A4F7556}") = "2020_01_ReportRepair", "2020\2020_01_ReportRepair\2020_01_ReportRepair.csproj", "{B854FBB2-E924-4E88-8CE6-49FA9F6FE656}"
EndProject
Project("{9A19103F-16F7-4668-BE54-9A1E7A4F7556}") = "2020_02_PasswordPhilosophy", "2020\2020_02_PasswordPhilosophy\2020_02_PasswordPhilosophy.csproj", "{3ED41815-BFCB-4A9C-86C0-85C0116FE990}"
EndProject
Project("{9A19103F-16F7-4668-BE54-9A1E7A4F7556}") = "2020_03_TobogganTrajectory", "2020\2020_03_TobogganTrajectory\2020_03_TobogganTrajectory.csproj", "{1FDFDBDF-25BE-41B3-BD60-8BA5864DB4DE}"
EndProject
Project("{9A19103F-16F7-4668-BE54-9A1E7A4F7556}") = "2020_04_PassportProcessing", "2020\2020_04_PassportProcessing\2020_04_PassportProcessing.csproj", "{4EB178B9-2EE2-46E2-A2A9-7680E6FA3A3F}"
EndProject
Project("{9A19103F-16F7-4668-BE54-9A1E7A4F7556}") = "2020_05_BinaryBoarding", "2020\2020_05_BinaryBoarding\2020_05_BinaryBoarding.csproj", "{AA3EC85F-C311-4A7F-B497-2888737BDC93}"
EndProject
Project("{9A19103F-16F7-4668-BE54-9A1E7A4F7556}") = "2020_06_CustomCustoms", "2020\2020_06_CustomCustoms\2020_06_CustomCustoms.csproj", "{0E050F32-B64A-434E-B053-191E646A1802}"
EndProject
Project("{9A19103F-16F7-4668-BE54-9A1E7A4F7556}") = "2020_07_HandyHaversacks", "2020\2020_07_HandyHaversacks\2020_07_HandyHaversacks.csproj", "{E9388A77-CD8B-4602-A5FC-22AEA92E0AC4}"
EndProject
Project("{9A19103F-16F7-4668-BE54-9A1E7A4F7556}") = "2020_08_HandheldHalting", "2020\2020_08_HandheldHalting\2020_08_HandheldHalting.csproj", "{CAF8271C-C95A-44A6-97F3-F193D9042E5A}"
EndProject
Project("{9A19103F-16F7-4668-BE54-9A1E7A4F7556}") = "2020_09_EncodingError", "2020\2020_09_EncodingError\2020_09_EncodingError.csproj", "{4C46153B-F18E-43AC-B9B6-A2322F36B442}"
EndProject
Project("{9A19103F-16F7-4668-BE54-9A1E7A4F7556}") = "2020_10_AdapterArray", "2020\2020_10_AdapterArray\2020_10_AdapterArray.csproj", "{AC90B208-82F9-4A39-B927-A5274DC537BA}"
EndProject
Project("{9A19103F-16F7-4668-BE54-9A1E7A4F7556}") = "2020_11_SeatingSystem", "2020\2020_11_SeatingSystem\2020_11_SeatingSystem.csproj", "{B58081FA-3ED6-4850-BBB7-A625D9437A31}"
EndProject
Project("{9A19103F-16F7-4668-BE54-9A1E7A4F7556}") = "2020_12_RainRisk", "2020\2020_12_RainRisk\2020_12_RainRisk.csproj", "{85348C7E-28BE-4E6B-9690-40A13A89FCF0}"
EndProject
Project("{9A19103F-16F7-4668-BE54-9A1E7A4F7556}") = "2020_13_ShuttleSearch", "2020\2020_13_ShuttleSearch\2020_13_ShuttleSearch.csproj", "{C4A217B9-F518-4531-8A0E-3105F247EDD3}"
EndProject
Project("{9A19103F-16F7-4668-BE54-9A1E7A4F7556}") = "2020_14_DockingData", "2020\2020_14_DockingData\2020_14_DockingData.csproj", "{3F1D8601-2CC0-45D6-93D8-1E7CA9B43760}"
EndProject
Project("{9A19103F-16F7-4668-BE54-9A1E7A4F7556}") = "2020_15_RambunctiousRecitation", "2020\2020_15_RambunctiousRecitation\2020_15_RambunctiousRecitation.csproj", "{3DA35512-CA23-402C-8DB2-CA499396F877}"
EndProject
Project("{9A19103F-16F7-4668-BE54-9A1E7A4F7556}") = "2020_20_JurassicJigsaw", "2020\2020_20_JurassicJigsaw\2020_20_JurassicJigsaw.csproj", "{B46DED8B-91B2-4B71-9CD6-4E01797F2C3B}"
EndProject
Project("{9A19103F-16F7-4668-BE54-9A1E7A4F7556}") = "2020_25_ComboBreaker", "2020\2020_25_ComboBreaker\2020_25_ComboBreaker.csproj", "{F1BCCE2B-948B-46AF-9551-F85021B21B7F}"
EndProject
Project("{9A19103F-16F7-4668-BE54-9A1E7A4F7556}") = "2023_01_Trebuchet", "2023\2023_01_Trebuchet\2023_01_Trebuchet.csproj", "{CD19DEF8-3B4F-4688-A832-5F637EF43E78}"
EndProject
Project("{9A19103F-16F7-4668-BE54-9A1E7A4F7556}") = "2023_02_CubeConundrum", "2023\2023_02_CubeConundrum\2023_02_CubeConundrum.csproj", "{5F968BA6-BE5A-4083-8C6B-4A1D28AB8604}"
EndProject
Project("{9A19103F-16F7-4668-BE54-9A1E7A4F7556}") = "2023_03_GearRatios", "2023\2023_03_GearRatios\2023_03_GearRatios.csproj", "{39474AB4-A89A-4BA5-A75A-D9EDB8B5D694}"
EndProject
Project("{9A19103F-16F7-4668-BE54-9A1E7A4F7556}") = "2023_04_Scratchcards", "2023\2023_04_Scratchcards\2023_04_Scratchcards.csproj", "{B8715DFC-8DFC-4FDF-ADF7-B47023FD62D8}"
EndProject
Project("{9A19103F-16F7-4668-BE54-9A1E7A4F7556}") = "2023_05_IfYouGiveASeedAFertilizer", "2023\2023_05_IfYouGiveASeedAFertilizer\2023_05_IfYouGiveASeedAFertilizer.csproj", "{4E49C8D2-05FF-4B3B-A805-C34D8D6428C2}"
EndProject
Project("{9A19103F-16F7-4668-BE54-9A1E7A4F7556}") = "2023_06_WaitForIt", "2023\2023_06_WaitForIt\2023_06_WaitForIt.csproj", "{AD25B3A3-0B1F-413B-8405-BFE5C831468F}"
EndProject
Project("{9A19103F-16F7-4668-BE54-9A1E7A4F7556}") = "2023_07_CamelCards", "2023\2023_07_CamelCards\2023_07_CamelCards.csproj", "{A3B355F8-FC36-4732-8342-5F9053678A07}"
EndProject
Project("{9A19103F-16F7-4668-BE54-9A1E7A4F7556}") = "2023_08_HauntedWasteland", "2023\2023_08_HauntedWasteland\2023_08_HauntedWasteland.csproj", "{013C165A-3B6E-4B48-BAB6-3D662905A7A8}"
EndProject
Project("{9A19103F-16F7-4668-BE54-9A1E7A4F7556}") = "2023_09_MirageMaintenance", "2023\2023_09_MirageMaintenance\2023_09_MirageMaintenance.csproj", "{394C699B-DEC0-4C4F-8EF3-7EE93DFC476A}"
EndProject
Project("{9A19103F-16F7-4668-BE54-9A1E7A4F7556}") = "Benchmarks", "Benchmarks\Benchmarks.csproj", "{90F5F9CB-9737-42E1-A71B-08FD938770FA}"
EndProject
Project("{9A19103F-16F7-4668-BE54-9A1E7A4F7556}") = "AdventCodeExtension", "AdventCodeExtension\AdventCodeExtension.csproj", "{F7F463E7-8DC8-4C93-959C-F7383FE474A6}"
EndProject
Project("{2150E333-8FDC-42A3-9474-1A3956D46DE8}") = "2020", "2020", "{C3CE284F-8245-4F7F-A474-370B30FA8C63}"
EndProject
Project("{2150E333-8FDC-42A3-9474-1A3956D46DE8}") = "2023", "2023", "{D19C14FE-4168-458C-83CE-610F62A7DF76}"
EndProject
Project("{9A19103F-16F7-4668-BE54-9A1E7A4F7556}") = "2023_10_PipeMaze", "2023_10_PipeMaze\2023_10_PipeMaze.csproj", "{B10F4046-DBAF-44FA-B06F-193B92342648}"
EndProject
Project("{FAE04EC0-301F-11D3-BF4B-00C04F79EFBC}") = "2023_11_CosmicExpansion", "2023_11_CosmicExpansion\2023_11_CosmicExpansion.csproj", "{3AA243FA-2572-4C93-94A6-D311A9CACB64}"
EndProject
Global
	GlobalSection(SolutionConfigurationPlatforms) = preSolution
		Debug|Any CPU = Debug|Any CPU
		Release|Any CPU = Release|Any CPU
	EndGlobalSection
	GlobalSection(ProjectConfigurationPlatforms) = postSolution
		{B854FBB2-E924-4E88-8CE6-49FA9F6FE656}.Debug|Any CPU.ActiveCfg = Debug|Any CPU
		{B854FBB2-E924-4E88-8CE6-49FA9F6FE656}.Debug|Any CPU.Build.0 = Debug|Any CPU
		{B854FBB2-E924-4E88-8CE6-49FA9F6FE656}.Release|Any CPU.ActiveCfg = Release|Any CPU
		{B854FBB2-E924-4E88-8CE6-49FA9F6FE656}.Release|Any CPU.Build.0 = Release|Any CPU
		{3ED41815-BFCB-4A9C-86C0-85C0116FE990}.Debug|Any CPU.ActiveCfg = Debug|Any CPU
		{3ED41815-BFCB-4A9C-86C0-85C0116FE990}.Debug|Any CPU.Build.0 = Debug|Any CPU
		{3ED41815-BFCB-4A9C-86C0-85C0116FE990}.Release|Any CPU.ActiveCfg = Release|Any CPU
		{3ED41815-BFCB-4A9C-86C0-85C0116FE990}.Release|Any CPU.Build.0 = Release|Any CPU
		{1FDFDBDF-25BE-41B3-BD60-8BA5864DB4DE}.Debug|Any CPU.ActiveCfg = Debug|Any CPU
		{1FDFDBDF-25BE-41B3-BD60-8BA5864DB4DE}.Debug|Any CPU.Build.0 = Debug|Any CPU
		{1FDFDBDF-25BE-41B3-BD60-8BA5864DB4DE}.Release|Any CPU.ActiveCfg = Release|Any CPU
		{1FDFDBDF-25BE-41B3-BD60-8BA5864DB4DE}.Release|Any CPU.Build.0 = Release|Any CPU
		{4EB178B9-2EE2-46E2-A2A9-7680E6FA3A3F}.Debug|Any CPU.ActiveCfg = Debug|Any CPU
		{4EB178B9-2EE2-46E2-A2A9-7680E6FA3A3F}.Debug|Any CPU.Build.0 = Debug|Any CPU
		{4EB178B9-2EE2-46E2-A2A9-7680E6FA3A3F}.Release|Any CPU.ActiveCfg = Release|Any CPU
		{4EB178B9-2EE2-46E2-A2A9-7680E6FA3A3F}.Release|Any CPU.Build.0 = Release|Any CPU
		{AA3EC85F-C311-4A7F-B497-2888737BDC93}.Debug|Any CPU.ActiveCfg = Debug|Any CPU
		{AA3EC85F-C311-4A7F-B497-2888737BDC93}.Debug|Any CPU.Build.0 = Debug|Any CPU
		{AA3EC85F-C311-4A7F-B497-2888737BDC93}.Release|Any CPU.ActiveCfg = Release|Any CPU
		{AA3EC85F-C311-4A7F-B497-2888737BDC93}.Release|Any CPU.Build.0 = Release|Any CPU
		{0E050F32-B64A-434E-B053-191E646A1802}.Debug|Any CPU.ActiveCfg = Debug|Any CPU
		{0E050F32-B64A-434E-B053-191E646A1802}.Debug|Any CPU.Build.0 = Debug|Any CPU
		{0E050F32-B64A-434E-B053-191E646A1802}.Release|Any CPU.ActiveCfg = Release|Any CPU
		{0E050F32-B64A-434E-B053-191E646A1802}.Release|Any CPU.Build.0 = Release|Any CPU
		{E9388A77-CD8B-4602-A5FC-22AEA92E0AC4}.Debug|Any CPU.ActiveCfg = Debug|Any CPU
		{E9388A77-CD8B-4602-A5FC-22AEA92E0AC4}.Debug|Any CPU.Build.0 = Debug|Any CPU
		{E9388A77-CD8B-4602-A5FC-22AEA92E0AC4}.Release|Any CPU.ActiveCfg = Release|Any CPU
		{E9388A77-CD8B-4602-A5FC-22AEA92E0AC4}.Release|Any CPU.Build.0 = Release|Any CPU
		{CAF8271C-C95A-44A6-97F3-F193D9042E5A}.Debug|Any CPU.ActiveCfg = Debug|Any CPU
		{CAF8271C-C95A-44A6-97F3-F193D9042E5A}.Debug|Any CPU.Build.0 = Debug|Any CPU
		{CAF8271C-C95A-44A6-97F3-F193D9042E5A}.Release|Any CPU.ActiveCfg = Release|Any CPU
		{CAF8271C-C95A-44A6-97F3-F193D9042E5A}.Release|Any CPU.Build.0 = Release|Any CPU
		{4C46153B-F18E-43AC-B9B6-A2322F36B442}.Debug|Any CPU.ActiveCfg = Debug|Any CPU
		{4C46153B-F18E-43AC-B9B6-A2322F36B442}.Debug|Any CPU.Build.0 = Debug|Any CPU
		{4C46153B-F18E-43AC-B9B6-A2322F36B442}.Release|Any CPU.ActiveCfg = Release|Any CPU
		{4C46153B-F18E-43AC-B9B6-A2322F36B442}.Release|Any CPU.Build.0 = Release|Any CPU
		{AC90B208-82F9-4A39-B927-A5274DC537BA}.Debug|Any CPU.ActiveCfg = Debug|Any CPU
		{AC90B208-82F9-4A39-B927-A5274DC537BA}.Debug|Any CPU.Build.0 = Debug|Any CPU
		{AC90B208-82F9-4A39-B927-A5274DC537BA}.Release|Any CPU.ActiveCfg = Release|Any CPU
		{AC90B208-82F9-4A39-B927-A5274DC537BA}.Release|Any CPU.Build.0 = Release|Any CPU
		{B58081FA-3ED6-4850-BBB7-A625D9437A31}.Debug|Any CPU.ActiveCfg = Debug|Any CPU
		{B58081FA-3ED6-4850-BBB7-A625D9437A31}.Debug|Any CPU.Build.0 = Debug|Any CPU
		{B58081FA-3ED6-4850-BBB7-A625D9437A31}.Release|Any CPU.ActiveCfg = Release|Any CPU
		{B58081FA-3ED6-4850-BBB7-A625D9437A31}.Release|Any CPU.Build.0 = Release|Any CPU
		{85348C7E-28BE-4E6B-9690-40A13A89FCF0}.Debug|Any CPU.ActiveCfg = Debug|Any CPU
		{85348C7E-28BE-4E6B-9690-40A13A89FCF0}.Debug|Any CPU.Build.0 = Debug|Any CPU
		{85348C7E-28BE-4E6B-9690-40A13A89FCF0}.Release|Any CPU.ActiveCfg = Release|Any CPU
		{85348C7E-28BE-4E6B-9690-40A13A89FCF0}.Release|Any CPU.Build.0 = Release|Any CPU
		{C4A217B9-F518-4531-8A0E-3105F247EDD3}.Debug|Any CPU.ActiveCfg = Debug|Any CPU
		{C4A217B9-F518-4531-8A0E-3105F247EDD3}.Debug|Any CPU.Build.0 = Debug|Any CPU
		{C4A217B9-F518-4531-8A0E-3105F247EDD3}.Release|Any CPU.ActiveCfg = Release|Any CPU
		{C4A217B9-F518-4531-8A0E-3105F247EDD3}.Release|Any CPU.Build.0 = Release|Any CPU
		{3F1D8601-2CC0-45D6-93D8-1E7CA9B43760}.Debug|Any CPU.ActiveCfg = Debug|Any CPU
		{3F1D8601-2CC0-45D6-93D8-1E7CA9B43760}.Debug|Any CPU.Build.0 = Debug|Any CPU
		{3F1D8601-2CC0-45D6-93D8-1E7CA9B43760}.Release|Any CPU.ActiveCfg = Release|Any CPU
		{3F1D8601-2CC0-45D6-93D8-1E7CA9B43760}.Release|Any CPU.Build.0 = Release|Any CPU
		{3DA35512-CA23-402C-8DB2-CA499396F877}.Debug|Any CPU.ActiveCfg = Debug|Any CPU
		{3DA35512-CA23-402C-8DB2-CA499396F877}.Debug|Any CPU.Build.0 = Debug|Any CPU
		{3DA35512-CA23-402C-8DB2-CA499396F877}.Release|Any CPU.ActiveCfg = Release|Any CPU
		{3DA35512-CA23-402C-8DB2-CA499396F877}.Release|Any CPU.Build.0 = Release|Any CPU
		{B46DED8B-91B2-4B71-9CD6-4E01797F2C3B}.Debug|Any CPU.ActiveCfg = Debug|Any CPU
		{B46DED8B-91B2-4B71-9CD6-4E01797F2C3B}.Debug|Any CPU.Build.0 = Debug|Any CPU
		{B46DED8B-91B2-4B71-9CD6-4E01797F2C3B}.Release|Any CPU.ActiveCfg = Release|Any CPU
		{B46DED8B-91B2-4B71-9CD6-4E01797F2C3B}.Release|Any CPU.Build.0 = Release|Any CPU
		{F1BCCE2B-948B-46AF-9551-F85021B21B7F}.Debug|Any CPU.ActiveCfg = Debug|Any CPU
		{F1BCCE2B-948B-46AF-9551-F85021B21B7F}.Debug|Any CPU.Build.0 = Debug|Any CPU
		{F1BCCE2B-948B-46AF-9551-F85021B21B7F}.Release|Any CPU.ActiveCfg = Release|Any CPU
		{F1BCCE2B-948B-46AF-9551-F85021B21B7F}.Release|Any CPU.Build.0 = Release|Any CPU
		{CD19DEF8-3B4F-4688-A832-5F637EF43E78}.Debug|Any CPU.ActiveCfg = Debug|Any CPU
		{CD19DEF8-3B4F-4688-A832-5F637EF43E78}.Debug|Any CPU.Build.0 = Debug|Any CPU
		{CD19DEF8-3B4F-4688-A832-5F637EF43E78}.Release|Any CPU.ActiveCfg = Release|Any CPU
		{CD19DEF8-3B4F-4688-A832-5F637EF43E78}.Release|Any CPU.Build.0 = Release|Any CPU
		{5F968BA6-BE5A-4083-8C6B-4A1D28AB8604}.Debug|Any CPU.ActiveCfg = Debug|Any CPU
		{5F968BA6-BE5A-4083-8C6B-4A1D28AB8604}.Debug|Any CPU.Build.0 = Debug|Any CPU
		{5F968BA6-BE5A-4083-8C6B-4A1D28AB8604}.Release|Any CPU.ActiveCfg = Release|Any CPU
		{5F968BA6-BE5A-4083-8C6B-4A1D28AB8604}.Release|Any CPU.Build.0 = Release|Any CPU
		{39474AB4-A89A-4BA5-A75A-D9EDB8B5D694}.Debug|Any CPU.ActiveCfg = Debug|Any CPU
		{39474AB4-A89A-4BA5-A75A-D9EDB8B5D694}.Debug|Any CPU.Build.0 = Debug|Any CPU
		{39474AB4-A89A-4BA5-A75A-D9EDB8B5D694}.Release|Any CPU.ActiveCfg = Release|Any CPU
		{39474AB4-A89A-4BA5-A75A-D9EDB8B5D694}.Release|Any CPU.Build.0 = Release|Any CPU
		{B8715DFC-8DFC-4FDF-ADF7-B47023FD62D8}.Debug|Any CPU.ActiveCfg = Debug|Any CPU
		{B8715DFC-8DFC-4FDF-ADF7-B47023FD62D8}.Debug|Any CPU.Build.0 = Debug|Any CPU
		{B8715DFC-8DFC-4FDF-ADF7-B47023FD62D8}.Release|Any CPU.ActiveCfg = Release|Any CPU
		{B8715DFC-8DFC-4FDF-ADF7-B47023FD62D8}.Release|Any CPU.Build.0 = Release|Any CPU
		{4E49C8D2-05FF-4B3B-A805-C34D8D6428C2}.Debug|Any CPU.ActiveCfg = Debug|Any CPU
		{4E49C8D2-05FF-4B3B-A805-C34D8D6428C2}.Debug|Any CPU.Build.0 = Debug|Any CPU
		{4E49C8D2-05FF-4B3B-A805-C34D8D6428C2}.Release|Any CPU.ActiveCfg = Release|Any CPU
		{4E49C8D2-05FF-4B3B-A805-C34D8D6428C2}.Release|Any CPU.Build.0 = Release|Any CPU
		{AD25B3A3-0B1F-413B-8405-BFE5C831468F}.Debug|Any CPU.ActiveCfg = Debug|Any CPU
		{AD25B3A3-0B1F-413B-8405-BFE5C831468F}.Debug|Any CPU.Build.0 = Debug|Any CPU
		{AD25B3A3-0B1F-413B-8405-BFE5C831468F}.Release|Any CPU.ActiveCfg = Release|Any CPU
		{AD25B3A3-0B1F-413B-8405-BFE5C831468F}.Release|Any CPU.Build.0 = Release|Any CPU
		{A3B355F8-FC36-4732-8342-5F9053678A07}.Debug|Any CPU.ActiveCfg = Debug|Any CPU
		{A3B355F8-FC36-4732-8342-5F9053678A07}.Debug|Any CPU.Build.0 = Debug|Any CPU
		{A3B355F8-FC36-4732-8342-5F9053678A07}.Release|Any CPU.ActiveCfg = Release|Any CPU
		{A3B355F8-FC36-4732-8342-5F9053678A07}.Release|Any CPU.Build.0 = Release|Any CPU
		{013C165A-3B6E-4B48-BAB6-3D662905A7A8}.Debug|Any CPU.ActiveCfg = Debug|Any CPU
		{013C165A-3B6E-4B48-BAB6-3D662905A7A8}.Debug|Any CPU.Build.0 = Debug|Any CPU
		{013C165A-3B6E-4B48-BAB6-3D662905A7A8}.Release|Any CPU.ActiveCfg = Release|Any CPU
		{013C165A-3B6E-4B48-BAB6-3D662905A7A8}.Release|Any CPU.Build.0 = Release|Any CPU
		{394C699B-DEC0-4C4F-8EF3-7EE93DFC476A}.Debug|Any CPU.ActiveCfg = Debug|Any CPU
		{394C699B-DEC0-4C4F-8EF3-7EE93DFC476A}.Debug|Any CPU.Build.0 = Debug|Any CPU
		{394C699B-DEC0-4C4F-8EF3-7EE93DFC476A}.Release|Any CPU.ActiveCfg = Release|Any CPU
		{394C699B-DEC0-4C4F-8EF3-7EE93DFC476A}.Release|Any CPU.Build.0 = Release|Any CPU
		{90F5F9CB-9737-42E1-A71B-08FD938770FA}.Debug|Any CPU.ActiveCfg = Debug|Any CPU
		{90F5F9CB-9737-42E1-A71B-08FD938770FA}.Debug|Any CPU.Build.0 = Debug|Any CPU
		{90F5F9CB-9737-42E1-A71B-08FD938770FA}.Release|Any CPU.ActiveCfg = Release|Any CPU
		{90F5F9CB-9737-42E1-A71B-08FD938770FA}.Release|Any CPU.Build.0 = Release|Any CPU
		{F7F463E7-8DC8-4C93-959C-F7383FE474A6}.Debug|Any CPU.ActiveCfg = Debug|Any CPU
		{F7F463E7-8DC8-4C93-959C-F7383FE474A6}.Debug|Any CPU.Build.0 = Debug|Any CPU
		{F7F463E7-8DC8-4C93-959C-F7383FE474A6}.Release|Any CPU.ActiveCfg = Release|Any CPU
		{F7F463E7-8DC8-4C93-959C-F7383FE474A6}.Release|Any CPU.Build.0 = Release|Any CPU
		{B10F4046-DBAF-44FA-B06F-193B92342648}.Debug|Any CPU.ActiveCfg = Debug|Any CPU
		{B10F4046-DBAF-44FA-B06F-193B92342648}.Debug|Any CPU.Build.0 = Debug|Any CPU
		{B10F4046-DBAF-44FA-B06F-193B92342648}.Release|Any CPU.ActiveCfg = Release|Any CPU
		{B10F4046-DBAF-44FA-B06F-193B92342648}.Release|Any CPU.Build.0 = Release|Any CPU
		{3AA243FA-2572-4C93-94A6-D311A9CACB64}.Debug|Any CPU.ActiveCfg = Debug|Any CPU
		{3AA243FA-2572-4C93-94A6-D311A9CACB64}.Debug|Any CPU.Build.0 = Debug|Any CPU
		{3AA243FA-2572-4C93-94A6-D311A9CACB64}.Release|Any CPU.ActiveCfg = Release|Any CPU
		{3AA243FA-2572-4C93-94A6-D311A9CACB64}.Release|Any CPU.Build.0 = Release|Any CPU
	EndGlobalSection
	GlobalSection(SolutionProperties) = preSolution
		HideSolutionNode = FALSE
	EndGlobalSection
	GlobalSection(NestedProjects) = preSolution
		{B854FBB2-E924-4E88-8CE6-49FA9F6FE656} = {C3CE284F-8245-4F7F-A474-370B30FA8C63}
		{3ED41815-BFCB-4A9C-86C0-85C0116FE990} = {C3CE284F-8245-4F7F-A474-370B30FA8C63}
		{1FDFDBDF-25BE-41B3-BD60-8BA5864DB4DE} = {C3CE284F-8245-4F7F-A474-370B30FA8C63}
		{4EB178B9-2EE2-46E2-A2A9-7680E6FA3A3F} = {C3CE284F-8245-4F7F-A474-370B30FA8C63}
		{AA3EC85F-C311-4A7F-B497-2888737BDC93} = {C3CE284F-8245-4F7F-A474-370B30FA8C63}
		{0E050F32-B64A-434E-B053-191E646A1802} = {C3CE284F-8245-4F7F-A474-370B30FA8C63}
		{E9388A77-CD8B-4602-A5FC-22AEA92E0AC4} = {C3CE284F-8245-4F7F-A474-370B30FA8C63}
		{CAF8271C-C95A-44A6-97F3-F193D9042E5A} = {C3CE284F-8245-4F7F-A474-370B30FA8C63}
		{4C46153B-F18E-43AC-B9B6-A2322F36B442} = {C3CE284F-8245-4F7F-A474-370B30FA8C63}
		{AC90B208-82F9-4A39-B927-A5274DC537BA} = {C3CE284F-8245-4F7F-A474-370B30FA8C63}
		{B58081FA-3ED6-4850-BBB7-A625D9437A31} = {C3CE284F-8245-4F7F-A474-370B30FA8C63}
		{85348C7E-28BE-4E6B-9690-40A13A89FCF0} = {C3CE284F-8245-4F7F-A474-370B30FA8C63}
		{C4A217B9-F518-4531-8A0E-3105F247EDD3} = {C3CE284F-8245-4F7F-A474-370B30FA8C63}
		{3F1D8601-2CC0-45D6-93D8-1E7CA9B43760} = {C3CE284F-8245-4F7F-A474-370B30FA8C63}
		{3DA35512-CA23-402C-8DB2-CA499396F877} = {C3CE284F-8245-4F7F-A474-370B30FA8C63}
		{B46DED8B-91B2-4B71-9CD6-4E01797F2C3B} = {C3CE284F-8245-4F7F-A474-370B30FA8C63}
		{F1BCCE2B-948B-46AF-9551-F85021B21B7F} = {C3CE284F-8245-4F7F-A474-370B30FA8C63}
		{CD19DEF8-3B4F-4688-A832-5F637EF43E78} = {D19C14FE-4168-458C-83CE-610F62A7DF76}
		{5F968BA6-BE5A-4083-8C6B-4A1D28AB8604} = {D19C14FE-4168-458C-83CE-610F62A7DF76}
		{39474AB4-A89A-4BA5-A75A-D9EDB8B5D694} = {D19C14FE-4168-458C-83CE-610F62A7DF76}
		{B8715DFC-8DFC-4FDF-ADF7-B47023FD62D8} = {D19C14FE-4168-458C-83CE-610F62A7DF76}
		{4E49C8D2-05FF-4B3B-A805-C34D8D6428C2} = {D19C14FE-4168-458C-83CE-610F62A7DF76}
		{AD25B3A3-0B1F-413B-8405-BFE5C831468F} = {D19C14FE-4168-458C-83CE-610F62A7DF76}
		{A3B355F8-FC36-4732-8342-5F9053678A07} = {D19C14FE-4168-458C-83CE-610F62A7DF76}
		{013C165A-3B6E-4B48-BAB6-3D662905A7A8} = {D19C14FE-4168-458C-83CE-610F62A7DF76}
		{394C699B-DEC0-4C4F-8EF3-7EE93DFC476A} = {D19C14FE-4168-458C-83CE-610F62A7DF76}
		{B10F4046-DBAF-44FA-B06F-193B92342648} = {D19C14FE-4168-458C-83CE-610F62A7DF76}
		{3AA243FA-2572-4C93-94A6-D311A9CACB64} = {D19C14FE-4168-458C-83CE-610F62A7DF76}
	EndGlobalSection
	GlobalSection(ExtensibilityGlobals) = postSolution
		SolutionGuid = {B4E5FE97-9957-44CE-9D50-A618CAA3D87A}
	EndGlobalSection
EndGlobal
